// !$*UTF8*$!
{
	archiveVersion = 1;
	classes = {
	};
	objectVersion = 56;
	objects = {

/* Begin PBXBuildFile section */
		B1BCB4312B7151E600B83A8D /* Color.swift in Sources */ = {isa = PBXBuildFile; fileRef = B1BCB4302B7151E600B83A8D /* Color.swift */; };
		B1BCB4352B7153DF00B83A8D /* LaunchScreenView.swift in Sources */ = {isa = PBXBuildFile; fileRef = B1BCB4342B7153DF00B83A8D /* LaunchScreenView.swift */; };
		B1BCB4372B715C3200B83A8D /* LaunchScreen.storyboard in Resources */ = {isa = PBXBuildFile; fileRef = B1BCB4362B715C3200B83A8D /* LaunchScreen.storyboard */; };
		B1C1980D2B710F4B006CB97D /* DictionMasterApp.swift in Sources */ = {isa = PBXBuildFile; fileRef = B1C1980C2B710F4B006CB97D /* DictionMasterApp.swift */; };
		B1C1980F2B710F4B006CB97D /* SearchView.swift in Sources */ = {isa = PBXBuildFile; fileRef = B1C1980E2B710F4B006CB97D /* SearchView.swift */; };
		B1C198112B710F4D006CB97D /* Assets.xcassets in Resources */ = {isa = PBXBuildFile; fileRef = B1C198102B710F4D006CB97D /* Assets.xcassets */; };
		B1C198142B710F4D006CB97D /* Preview Assets.xcassets in Resources */ = {isa = PBXBuildFile; fileRef = B1C198132B710F4D006CB97D /* Preview Assets.xcassets */; };
		B1DAB32D2B7168930023D92A /* PrimaryButton.swift in Sources */ = {isa = PBXBuildFile; fileRef = B1DAB32C2B7168930023D92A /* PrimaryButton.swift */; };
		B1DAB32F2B716E300023D92A /* CustomFlagView.swift in Sources */ = {isa = PBXBuildFile; fileRef = B1DAB32E2B716E300023D92A /* CustomFlagView.swift */; };
		B1DAB3312B717F3B0023D92A /* DefinitionView.swift in Sources */ = {isa = PBXBuildFile; fileRef = B1DAB3302B717F3B0023D92A /* DefinitionView.swift */; };
/* End PBXBuildFile section */

/* Begin PBXFileReference section */
		B1BCB4302B7151E600B83A8D /* Color.swift */ = {isa = PBXFileReference; lastKnownFileType = sourcecode.swift; path = Color.swift; sourceTree = "<group>"; };
		B1BCB4342B7153DF00B83A8D /* LaunchScreenView.swift */ = {isa = PBXFileReference; lastKnownFileType = sourcecode.swift; path = LaunchScreenView.swift; sourceTree = "<group>"; };
		B1BCB4362B715C3200B83A8D /* LaunchScreen.storyboard */ = {isa = PBXFileReference; lastKnownFileType = file.storyboard; path = LaunchScreen.storyboard; sourceTree = "<group>"; };
		B1C198092B710F4B006CB97D /* DictionMaster.app */ = {isa = PBXFileReference; explicitFileType = wrapper.application; includeInIndex = 0; path = DictionMaster.app; sourceTree = BUILT_PRODUCTS_DIR; };
		B1C1980C2B710F4B006CB97D /* DictionMasterApp.swift */ = {isa = PBXFileReference; lastKnownFileType = sourcecode.swift; path = DictionMasterApp.swift; sourceTree = "<group>"; };
		B1C1980E2B710F4B006CB97D /* SearchView.swift */ = {isa = PBXFileReference; lastKnownFileType = sourcecode.swift; path = SearchView.swift; sourceTree = "<group>"; };
		B1C198102B710F4D006CB97D /* Assets.xcassets */ = {isa = PBXFileReference; lastKnownFileType = folder.assetcatalog; path = Assets.xcassets; sourceTree = "<group>"; };
		B1C198132B710F4D006CB97D /* Preview Assets.xcassets */ = {isa = PBXFileReference; lastKnownFileType = folder.assetcatalog; path = "Preview Assets.xcassets"; sourceTree = "<group>"; };
		B1DAB32C2B7168930023D92A /* PrimaryButton.swift */ = {isa = PBXFileReference; lastKnownFileType = sourcecode.swift; path = PrimaryButton.swift; sourceTree = "<group>"; };
		B1DAB32E2B716E300023D92A /* CustomFlagView.swift */ = {isa = PBXFileReference; lastKnownFileType = sourcecode.swift; path = CustomFlagView.swift; sourceTree = "<group>"; };
		B1DAB3302B717F3B0023D92A /* DefinitionView.swift */ = {isa = PBXFileReference; lastKnownFileType = sourcecode.swift; path = DefinitionView.swift; sourceTree = "<group>"; };
/* End PBXFileReference section */

/* Begin PBXFrameworksBuildPhase section */
		B1C198062B710F4B006CB97D /* Frameworks */ = {
			isa = PBXFrameworksBuildPhase;
			buildActionMask = 2147483647;
			files = (
			);
			runOnlyForDeploymentPostprocessing = 0;
		};
/* End PBXFrameworksBuildPhase section */

/* Begin PBXGroup section */
		B1BCB42F2B7151D200B83A8D /* Extensions */ = {
			isa = PBXGroup;
			children = (
				B1BCB4302B7151E600B83A8D /* Color.swift */,
			);
			path = Extensions;
			sourceTree = "<group>";
		};
		B1BCB4332B7153C700B83A8D /* LaunchScreen */ = {
			isa = PBXGroup;
			children = (
				B1BCB4342B7153DF00B83A8D /* LaunchScreenView.swift */,
				B1BCB4362B715C3200B83A8D /* LaunchScreen.storyboard */,
			);
			path = LaunchScreen;
			sourceTree = "<group>";
		};
		B1C198002B710F4B006CB97D = {
			isa = PBXGroup;
			children = (
				B1C1980B2B710F4B006CB97D /* DictionMaster */,
				B1C1980A2B710F4B006CB97D /* Products */,
			);
			sourceTree = "<group>";
		};
		B1C1980A2B710F4B006CB97D /* Products */ = {
			isa = PBXGroup;
			children = (
				B1C198092B710F4B006CB97D /* DictionMaster.app */,
			);
			name = Products;
			sourceTree = "<group>";
		};
		B1C1980B2B710F4B006CB97D /* DictionMaster */ = {
			isa = PBXGroup;
			children = (
				B1DAB32B2B7168720023D92A /* Components */,
				B1BCB42F2B7151D200B83A8D /* Extensions */,
				B1C1980C2B710F4B006CB97D /* DictionMasterApp.swift */,
				B1C1981A2B711935006CB97D /* Views */,
				B1C1981B2B711951006CB97D /* Resources */,
				B1C198122B710F4D006CB97D /* Preview Content */,
			);
			path = DictionMaster;
			sourceTree = "<group>";
		};
		B1C198122B710F4D006CB97D /* Preview Content */ = {
			isa = PBXGroup;
			children = (
				B1C198132B710F4D006CB97D /* Preview Assets.xcassets */,
			);
			path = "Preview Content";
			sourceTree = "<group>";
		};
		B1C1981A2B711935006CB97D /* Views */ = {
			isa = PBXGroup;
			children = (
				B1BCB4332B7153C700B83A8D /* LaunchScreen */,
				B1C1980E2B710F4B006CB97D /* SearchView.swift */,
			);
			path = Views;
			sourceTree = "<group>";
		};
		B1C1981B2B711951006CB97D /* Resources */ = {
			isa = PBXGroup;
			children = (
				B1C198102B710F4D006CB97D /* Assets.xcassets */,
			);
			path = Resources;
			sourceTree = "<group>";
		};
		B1DAB32B2B7168720023D92A /* Components */ = {
			isa = PBXGroup;
			children = (
				B1DAB32C2B7168930023D92A /* PrimaryButton.swift */,
				B1DAB32E2B716E300023D92A /* CustomFlagView.swift */,
				B1DAB3302B717F3B0023D92A /* DefinitionView.swift */,
			);
			path = Components;
			sourceTree = "<group>";
		};
/* End PBXGroup section */

/* Begin PBXNativeTarget section */
		B1C198082B710F4B006CB97D /* DictionMaster */ = {
			isa = PBXNativeTarget;
			buildConfigurationList = B1C198172B710F4D006CB97D /* Build configuration list for PBXNativeTarget "DictionMaster" */;
			buildPhases = (
				B1C198052B710F4B006CB97D /* Sources */,
				B1C198062B710F4B006CB97D /* Frameworks */,
				B1C198072B710F4B006CB97D /* Resources */,
			);
			buildRules = (
			);
			dependencies = (
			);
			name = DictionMaster;
			productName = DictionMaster;
			productReference = B1C198092B710F4B006CB97D /* DictionMaster.app */;
			productType = "com.apple.product-type.application";
		};
/* End PBXNativeTarget section */

/* Begin PBXProject section */
		B1C198012B710F4B006CB97D /* Project object */ = {
			isa = PBXProject;
			attributes = {
				BuildIndependentTargetsInParallel = 1;
				LastSwiftUpdateCheck = 1520;
				LastUpgradeCheck = 1520;
				TargetAttributes = {
					B1C198082B710F4B006CB97D = {
						CreatedOnToolsVersion = 15.2;
					};
				};
			};
			buildConfigurationList = B1C198042B710F4B006CB97D /* Build configuration list for PBXProject "DictionMaster" */;
			compatibilityVersion = "Xcode 14.0";
			developmentRegion = en;
			hasScannedForEncodings = 0;
			knownRegions = (
				en,
				Base,
			);
			mainGroup = B1C198002B710F4B006CB97D;
			productRefGroup = B1C1980A2B710F4B006CB97D /* Products */;
			projectDirPath = "";
			projectRoot = "";
			targets = (
				B1C198082B710F4B006CB97D /* DictionMaster */,
			);
		};
/* End PBXProject section */

/* Begin PBXResourcesBuildPhase section */
		B1C198072B710F4B006CB97D /* Resources */ = {
			isa = PBXResourcesBuildPhase;
			buildActionMask = 2147483647;
			files = (
				B1BCB4372B715C3200B83A8D /* LaunchScreen.storyboard in Resources */,
				B1C198142B710F4D006CB97D /* Preview Assets.xcassets in Resources */,
				B1C198112B710F4D006CB97D /* Assets.xcassets in Resources */,
			);
			runOnlyForDeploymentPostprocessing = 0;
		};
/* End PBXResourcesBuildPhase section */

/* Begin PBXSourcesBuildPhase section */
		B1C198052B710F4B006CB97D /* Sources */ = {
			isa = PBXSourcesBuildPhase;
			buildActionMask = 2147483647;
			files = (
				B1C1980F2B710F4B006CB97D /* SearchView.swift in Sources */,
				B1C1980D2B710F4B006CB97D /* DictionMasterApp.swift in Sources */,
				B1DAB32D2B7168930023D92A /* PrimaryButton.swift in Sources */,
				B1BCB4312B7151E600B83A8D /* Color.swift in Sources */,
				B1BCB4352B7153DF00B83A8D /* LaunchScreenView.swift in Sources */,
				B1DAB3312B717F3B0023D92A /* DefinitionView.swift in Sources */,
				B1DAB32F2B716E300023D92A /* CustomFlagView.swift in Sources */,
			);
			runOnlyForDeploymentPostprocessing = 0;
		};
/* End PBXSourcesBuildPhase section */

/* Begin XCBuildConfiguration section */
		B1C198152B710F4D006CB97D /* Debug */ = {
			isa = XCBuildConfiguration;
			buildSettings = {
				ALWAYS_SEARCH_USER_PATHS = NO;
				ASSETCATALOG_COMPILER_GENERATE_SWIFT_ASSET_SYMBOL_EXTENSIONS = YES;
				CLANG_ANALYZER_NONNULL = YES;
				CLANG_ANALYZER_NUMBER_OBJECT_CONVERSION = YES_AGGRESSIVE;
				CLANG_CXX_LANGUAGE_STANDARD = "gnu++20";
				CLANG_ENABLE_MODULES = YES;
				CLANG_ENABLE_OBJC_ARC = YES;
				CLANG_ENABLE_OBJC_WEAK = YES;
				CLANG_WARN_BLOCK_CAPTURE_AUTORELEASING = YES;
				CLANG_WARN_BOOL_CONVERSION = YES;
				CLANG_WARN_COMMA = YES;
				CLANG_WARN_CONSTANT_CONVERSION = YES;
				CLANG_WARN_DEPRECATED_OBJC_IMPLEMENTATIONS = YES;
				CLANG_WARN_DIRECT_OBJC_ISA_USAGE = YES_ERROR;
				CLANG_WARN_DOCUMENTATION_COMMENTS = YES;
				CLANG_WARN_EMPTY_BODY = YES;
				CLANG_WARN_ENUM_CONVERSION = YES;
				CLANG_WARN_INFINITE_RECURSION = YES;
				CLANG_WARN_INT_CONVERSION = YES;
				CLANG_WARN_NON_LITERAL_NULL_CONVERSION = YES;
				CLANG_WARN_OBJC_IMPLICIT_RETAIN_SELF = YES;
				CLANG_WARN_OBJC_LITERAL_CONVERSION = YES;
				CLANG_WARN_OBJC_ROOT_CLASS = YES_ERROR;
				CLANG_WARN_QUOTED_INCLUDE_IN_FRAMEWORK_HEADER = YES;
				CLANG_WARN_RANGE_LOOP_ANALYSIS = YES;
				CLANG_WARN_STRICT_PROTOTYPES = YES;
				CLANG_WARN_SUSPICIOUS_MOVE = YES;
				CLANG_WARN_UNGUARDED_AVAILABILITY = YES_AGGRESSIVE;
				CLANG_WARN_UNREACHABLE_CODE = YES;
				CLANG_WARN__DUPLICATE_METHOD_MATCH = YES;
				COPY_PHASE_STRIP = NO;
				DEBUG_INFORMATION_FORMAT = dwarf;
				ENABLE_STRICT_OBJC_MSGSEND = YES;
				ENABLE_TESTABILITY = YES;
				ENABLE_USER_SCRIPT_SANDBOXING = YES;
				GCC_C_LANGUAGE_STANDARD = gnu17;
				GCC_DYNAMIC_NO_PIC = NO;
				GCC_NO_COMMON_BLOCKS = YES;
				GCC_OPTIMIZATION_LEVEL = 0;
				GCC_PREPROCESSOR_DEFINITIONS = (
					"DEBUG=1",
					"$(inherited)",
				);
				GCC_WARN_64_TO_32_BIT_CONVERSION = YES;
				GCC_WARN_ABOUT_RETURN_TYPE = YES_ERROR;
				GCC_WARN_UNDECLARED_SELECTOR = YES;
				GCC_WARN_UNINITIALIZED_AUTOS = YES_AGGRESSIVE;
				GCC_WARN_UNUSED_FUNCTION = YES;
				GCC_WARN_UNUSED_VARIABLE = YES;
				IPHONEOS_DEPLOYMENT_TARGET = 17.2;
				LOCALIZATION_PREFERS_STRING_CATALOGS = YES;
				MTL_ENABLE_DEBUG_INFO = INCLUDE_SOURCE;
				MTL_FAST_MATH = YES;
				ONLY_ACTIVE_ARCH = YES;
				SDKROOT = iphoneos;
				SWIFT_ACTIVE_COMPILATION_CONDITIONS = "DEBUG $(inherited)";
				SWIFT_OPTIMIZATION_LEVEL = "-Onone";
			};
			name = Debug;
		};
		B1C198162B710F4D006CB97D /* Release */ = {
			isa = XCBuildConfiguration;
			buildSettings = {
				ALWAYS_SEARCH_USER_PATHS = NO;
				ASSETCATALOG_COMPILER_GENERATE_SWIFT_ASSET_SYMBOL_EXTENSIONS = YES;
				CLANG_ANALYZER_NONNULL = YES;
				CLANG_ANALYZER_NUMBER_OBJECT_CONVERSION = YES_AGGRESSIVE;
				CLANG_CXX_LANGUAGE_STANDARD = "gnu++20";
				CLANG_ENABLE_MODULES = YES;
				CLANG_ENABLE_OBJC_ARC = YES;
				CLANG_ENABLE_OBJC_WEAK = YES;
				CLANG_WARN_BLOCK_CAPTURE_AUTORELEASING = YES;
				CLANG_WARN_BOOL_CONVERSION = YES;
				CLANG_WARN_COMMA = YES;
				CLANG_WARN_CONSTANT_CONVERSION = YES;
				CLANG_WARN_DEPRECATED_OBJC_IMPLEMENTATIONS = YES;
				CLANG_WARN_DIRECT_OBJC_ISA_USAGE = YES_ERROR;
				CLANG_WARN_DOCUMENTATION_COMMENTS = YES;
				CLANG_WARN_EMPTY_BODY = YES;
				CLANG_WARN_ENUM_CONVERSION = YES;
				CLANG_WARN_INFINITE_RECURSION = YES;
				CLANG_WARN_INT_CONVERSION = YES;
				CLANG_WARN_NON_LITERAL_NULL_CONVERSION = YES;
				CLANG_WARN_OBJC_IMPLICIT_RETAIN_SELF = YES;
				CLANG_WARN_OBJC_LITERAL_CONVERSION = YES;
				CLANG_WARN_OBJC_ROOT_CLASS = YES_ERROR;
				CLANG_WARN_QUOTED_INCLUDE_IN_FRAMEWORK_HEADER = YES;
				CLANG_WARN_RANGE_LOOP_ANALYSIS = YES;
				CLANG_WARN_STRICT_PROTOTYPES = YES;
				CLANG_WARN_SUSPICIOUS_MOVE = YES;
				CLANG_WARN_UNGUARDED_AVAILABILITY = YES_AGGRESSIVE;
				CLANG_WARN_UNREACHABLE_CODE = YES;
				CLANG_WARN__DUPLICATE_METHOD_MATCH = YES;
				COPY_PHASE_STRIP = NO;
				DEBUG_INFORMATION_FORMAT = "dwarf-with-dsym";
				ENABLE_NS_ASSERTIONS = NO;
				ENABLE_STRICT_OBJC_MSGSEND = YES;
				ENABLE_USER_SCRIPT_SANDBOXING = YES;
				GCC_C_LANGUAGE_STANDARD = gnu17;
				GCC_NO_COMMON_BLOCKS = YES;
				GCC_WARN_64_TO_32_BIT_CONVERSION = YES;
				GCC_WARN_ABOUT_RETURN_TYPE = YES_ERROR;
				GCC_WARN_UNDECLARED_SELECTOR = YES;
				GCC_WARN_UNINITIALIZED_AUTOS = YES_AGGRESSIVE;
				GCC_WARN_UNUSED_FUNCTION = YES;
				GCC_WARN_UNUSED_VARIABLE = YES;
				IPHONEOS_DEPLOYMENT_TARGET = 17.2;
				LOCALIZATION_PREFERS_STRING_CATALOGS = YES;
				MTL_ENABLE_DEBUG_INFO = NO;
				MTL_FAST_MATH = YES;
				SDKROOT = iphoneos;
				SWIFT_COMPILATION_MODE = wholemodule;
				VALIDATE_PRODUCT = YES;
			};
			name = Release;
		};
		B1C198182B710F4D006CB97D /* Debug */ = {
			isa = XCBuildConfiguration;
			buildSettings = {
				ASSETCATALOG_COMPILER_APPICON_NAME = AppIcon;
				ASSETCATALOG_COMPILER_GLOBAL_ACCENT_COLOR_NAME = AccentColor;
				CODE_SIGN_STYLE = Automatic;
				CURRENT_PROJECT_VERSION = 1;
				DEVELOPMENT_ASSET_PATHS = "\"DictionMaster/Preview Content\"";
				DEVELOPMENT_TEAM = QFL3TKB7D4;
				ENABLE_PREVIEWS = YES;
				GENERATE_INFOPLIST_FILE = YES;
				INFOPLIST_KEY_UIApplicationSceneManifest_Generation = YES;
				INFOPLIST_KEY_UIApplicationSupportsIndirectInputEvents = YES;
				INFOPLIST_KEY_UILaunchStoryboardName = LaunchScreen.storyboard;
				INFOPLIST_KEY_UISupportedInterfaceOrientations_iPad = "UIInterfaceOrientationPortrait UIInterfaceOrientationPortraitUpsideDown UIInterfaceOrientationLandscapeLeft UIInterfaceOrientationLandscapeRight";
				INFOPLIST_KEY_UISupportedInterfaceOrientations_iPhone = "UIInterfaceOrientationPortrait UIInterfaceOrientationLandscapeLeft UIInterfaceOrientationLandscapeRight";
				LD_RUNPATH_SEARCH_PATHS = (
					"$(inherited)",
					"@executable_path/Frameworks",
				);
				MARKETING_VERSION = 1.0;
				PRODUCT_BUNDLE_IDENTIFIER = "https---github.com-bertiGrazi.DictionMaster";
				PRODUCT_NAME = "$(TARGET_NAME)";
				SWIFT_EMIT_LOC_STRINGS = YES;
				SWIFT_VERSION = 5.0;
				TARGETED_DEVICE_FAMILY = "1,2";
			};
			name = Debug;
		};
		B1C198192B710F4D006CB97D /* Release */ = {
			isa = XCBuildConfiguration;
			buildSettings = {
				ASSETCATALOG_COMPILER_APPICON_NAME = AppIcon;
				ASSETCATALOG_COMPILER_GLOBAL_ACCENT_COLOR_NAME = AccentColor;
				CODE_SIGN_STYLE = Automatic;
				CURRENT_PROJECT_VERSION = 1;
				DEVELOPMENT_ASSET_PATHS = "\"DictionMaster/Preview Content\"";
				DEVELOPMENT_TEAM = QFL3TKB7D4;
				ENABLE_PREVIEWS = YES;
				GENERATE_INFOPLIST_FILE = YES;
				INFOPLIST_KEY_UIApplicationSceneManifest_Generation = YES;
				INFOPLIST_KEY_UIApplicationSupportsIndirectInputEvents = YES;
				INFOPLIST_KEY_UILaunchStoryboardName = LaunchScreen.storyboard;
				INFOPLIST_KEY_UISupportedInterfaceOrientations_iPad = "UIInterfaceOrientationPortrait UIInterfaceOrientationPortraitUpsideDown UIInterfaceOrientationLandscapeLeft UIInterfaceOrientationLandscapeRight";
				INFOPLIST_KEY_UISupportedInterfaceOrientations_iPhone = "UIInterfaceOrientationPortrait UIInterfaceOrientationLandscapeLeft UIInterfaceOrientationLandscapeRight";
				LD_RUNPATH_SEARCH_PATHS = (
					"$(inherited)",
					"@executable_path/Frameworks",
				);
				MARKETING_VERSION = 1.0;
				PRODUCT_BUNDLE_IDENTIFIER = "https---github.com-bertiGrazi.DictionMaster";
				PRODUCT_NAME = "$(TARGET_NAME)";
				SWIFT_EMIT_LOC_STRINGS = YES;
				SWIFT_VERSION = 5.0;
				TARGETED_DEVICE_FAMILY = "1,2";
			};
			name = Release;
		};
/* End XCBuildConfiguration section */

/* Begin XCConfigurationList section */
		B1C198042B710F4B006CB97D /* Build configuration list for PBXProject "DictionMaster" */ = {
			isa = XCConfigurationList;
			buildConfigurations = (
				B1C198152B710F4D006CB97D /* Debug */,
				B1C198162B710F4D006CB97D /* Release */,
			);
			defaultConfigurationIsVisible = 0;
			defaultConfigurationName = Release;
		};
		B1C198172B710F4D006CB97D /* Build configuration list for PBXNativeTarget "DictionMaster" */ = {
			isa = XCConfigurationList;
			buildConfigurations = (
				B1C198182B710F4D006CB97D /* Debug */,
				B1C198192B710F4D006CB97D /* Release */,
			);
			defaultConfigurationIsVisible = 0;
			defaultConfigurationName = Release;
		};
/* End XCConfigurationList section */
	};
	rootObject = B1C198012B710F4B006CB97D /* Project object */;
}
